
Microsoft Visual Studio Solution File, Format Version 12.00
# Visual Studio 15
VisualStudioVersion = 15.0.27130.2027
MinimumVisualStudioVersion = 10.0.40219.1
Project("{FAE04EC0-301F-11D3-BF4B-00C04F79EFBC}") = "SypnosisApp", "SypnosisApp\SypnosisApp.csproj", "{D5945834-DE2C-4063-9FF8-638DA9EBE849}"
EndProject
Global
	GlobalSection(SolutionConfigurationPlatforms) = preSolution
		Debug|Any CPU = Debug|Any CPU
		Release|Any CPU = Release|Any CPU
	EndGlobalSection
	GlobalSection(ProjectConfigurationPlatforms) = postSolution
		{D5945834-DE2C-4063-9FF8-638DA9EBE849}.Debug|Any CPU.ActiveCfg = Debug|Any CPU
		{D5945834-DE2C-4063-9FF8-638DA9EBE849}.Debug|Any CPU.Build.0 = Debug|Any CPU
		{D5945834-DE2C-4063-9FF8-638DA9EBE849}.Release|Any CPU.ActiveCfg = Release|Any CPU
		{D5945834-DE2C-4063-9FF8-638DA9EBE849}.Release|Any CPU.Build.0 = Release|Any CPU
	EndGlobalSection
	GlobalSection(SolutionProperties) = preSolution
		HideSolutionNode = FALSE
	EndGlobalSection
	GlobalSection(ExtensibilityGlobals) = postSolution
		SolutionGuid = {A770B5B8-6AF5-4502-A578-BBC9FE6BBC9C}
	EndGlobalSection
EndGlobal
