
Microsoft Visual Studio Solution File, Format Version 12.00
# Visual Studio 15
VisualStudioVersion = 15.0.26730.12
MinimumVisualStudioVersion = 10.0.40219.1
Project("{FAE04EC0-301F-11D3-BF4B-00C04F79EFBC}") = "FestivalCampingGUI", "FestivalCampingGUI\FestivalCampingGUI.csproj", "{CF05C311-E7A4-47FD-8578-3445B9E10FF3}"
EndProject
Global
	GlobalSection(SolutionConfigurationPlatforms) = preSolution
		Debug|Any CPU = Debug|Any CPU
		Release|Any CPU = Release|Any CPU
	EndGlobalSection
	GlobalSection(ProjectConfigurationPlatforms) = postSolution
		{CF05C311-E7A4-47FD-8578-3445B9E10FF3}.Debug|Any CPU.ActiveCfg = Debug|Any CPU
		{CF05C311-E7A4-47FD-8578-3445B9E10FF3}.Debug|Any CPU.Build.0 = Debug|Any CPU
		{CF05C311-E7A4-47FD-8578-3445B9E10FF3}.Release|Any CPU.ActiveCfg = Release|Any CPU
		{CF05C311-E7A4-47FD-8578-3445B9E10FF3}.Release|Any CPU.Build.0 = Release|Any CPU
	EndGlobalSection
	GlobalSection(SolutionProperties) = preSolution
		HideSolutionNode = FALSE
	EndGlobalSection
	GlobalSection(ExtensibilityGlobals) = postSolution
		SolutionGuid = {F55B1D20-25A5-408F-820E-DDF84CA8BEC4}
	EndGlobalSection
EndGlobal
